
Microsoft Visual Studio Solution File, Format Version 12.00
# Visual Studio Version 17
VisualStudioVersion = 17.13.35818.85 d17.13
MinimumVisualStudioVersion = 10.0.40219.1
Project("{FAE04EC0-301F-11D3-BF4B-00C04F79EFBC}") = "BankAccountsApp", "BankAccountsApp.csproj", "{D63D3A02-CBC7-41AB-85FA-E33A2E50EC26}"
EndProject
Global
	GlobalSection(SolutionConfigurationPlatforms) = preSolution
		Debug|Any CPU = Debug|Any CPU
		Release|Any CPU = Release|Any CPU
	EndGlobalSection
	GlobalSection(ProjectConfigurationPlatforms) = postSolution
		{D63D3A02-CBC7-41AB-85FA-E33A2E50EC26}.Debug|Any CPU.ActiveCfg = Debug|Any CPU
		{D63D3A02-CBC7-41AB-85FA-E33A2E50EC26}.Debug|Any CPU.Build.0 = Debug|Any CPU
		{D63D3A02-CBC7-41AB-85FA-E33A2E50EC26}.Release|Any CPU.ActiveCfg = Release|Any CPU
		{D63D3A02-CBC7-41AB-85FA-E33A2E50EC26}.Release|Any CPU.Build.0 = Release|Any CPU
	EndGlobalSection
	GlobalSection(SolutionProperties) = preSolution
		HideSolutionNode = FALSE
	EndGlobalSection
	GlobalSection(ExtensibilityGlobals) = postSolution
		SolutionGuid = {54C7CBB8-EDCD-4479-8348-BBF629357C72}
	EndGlobalSection
EndGlobal
